
Microsoft Visual Studio Solution File, Format Version 12.00
# Visual Studio Version 17
VisualStudioVersion = 17.11.35312.102
MinimumVisualStudioVersion = 10.0.40219.1
Project("{FAE04EC0-301F-11D3-BF4B-00C04F79EFBC}") = "GoogleAnalyticsDemo", "GoogleAnalyticsDemo\GoogleAnalyticsDemo.csproj", "{F4917288-7024-4242-951F-617BCB15FF63}"
EndProject
Global
	GlobalSection(SolutionConfigurationPlatforms) = preSolution
		Debug|Any CPU = Debug|Any CPU
		Release|Any CPU = Release|Any CPU
	EndGlobalSection
	GlobalSection(ProjectConfigurationPlatforms) = postSolution
		{F4917288-7024-4242-951F-617BCB15FF63}.Debug|Any CPU.ActiveCfg = Debug|Any CPU
		{F4917288-7024-4242-951F-617BCB15FF63}.Debug|Any CPU.Build.0 = Debug|Any CPU
		{F4917288-7024-4242-951F-617BCB15FF63}.Release|Any CPU.ActiveCfg = Release|Any CPU
		{F4917288-7024-4242-951F-617BCB15FF63}.Release|Any CPU.Build.0 = Release|Any CPU
	EndGlobalSection
	GlobalSection(SolutionProperties) = preSolution
		HideSolutionNode = FALSE
	EndGlobalSection
	GlobalSection(ExtensibilityGlobals) = postSolution
		SolutionGuid = {CF417E4A-BD5C-4B44-A292-20DCF1E430DB}
	EndGlobalSection
EndGlobal
